// !$*UTF8*$!
{
	archiveVersion = 1;
	classes = {
	};
	objectVersion = 50;
	objects = {

/* Begin PBXBuildFile section */
		26311C31234E785800AD46B5 /* MVDBreed.m in Sources */ = {isa = PBXBuildFile; fileRef = 26311C30234E785800AD46B5 /* MVDBreed.m */; };
		26311C34234E786900AD46B5 /* MVDSubBreed.m in Sources */ = {isa = PBXBuildFile; fileRef = 26311C33234E786900AD46B5 /* MVDSubBreed.m */; };
		26311C37234E820400AD46B5 /* MVDNetworkController.m in Sources */ = {isa = PBXBuildFile; fileRef = 26311C36234E820400AD46B5 /* MVDNetworkController.m */; };
		26311C3D234ECB8A00AD46B5 /* MVDImageCollectionViewCell.m in Sources */ = {isa = PBXBuildFile; fileRef = 26311C3C234ECB8A00AD46B5 /* MVDImageCollectionViewCell.m */; };
		26311C40234ECBD800AD46B5 /* MVDBreedTableViewController.m in Sources */ = {isa = PBXBuildFile; fileRef = 26311C3F234ECBD800AD46B5 /* MVDBreedTableViewController.m */; };
		26311C43234ECBF800AD46B5 /* MVDSubBreedTableViewController.m in Sources */ = {isa = PBXBuildFile; fileRef = 26311C42234ECBF800AD46B5 /* MVDSubBreedTableViewController.m */; };
		26311C46234ECC2000AD46B5 /* MVDImagesCollectionViewController.m in Sources */ = {isa = PBXBuildFile; fileRef = 26311C45234ECC2000AD46B5 /* MVDImagesCollectionViewController.m */; };
		26311C49234ECCD900AD46B5 /* MVDDetailViewController.swift in Sources */ = {isa = PBXBuildFile; fileRef = 26311C48234ECCD900AD46B5 /* MVDDetailViewController.swift */; };
		26875C39234E710100B68493 /* AppDelegate.m in Sources */ = {isa = PBXBuildFile; fileRef = 26875C38234E710100B68493 /* AppDelegate.m */; };
		26875C3C234E710100B68493 /* SceneDelegate.m in Sources */ = {isa = PBXBuildFile; fileRef = 26875C3B234E710100B68493 /* SceneDelegate.m */; };
		26875C42234E710100B68493 /* Main.storyboard in Resources */ = {isa = PBXBuildFile; fileRef = 26875C40234E710100B68493 /* Main.storyboard */; };
		26875C44234E710400B68493 /* Assets.xcassets in Resources */ = {isa = PBXBuildFile; fileRef = 26875C43234E710400B68493 /* Assets.xcassets */; };
		26875C47234E710400B68493 /* LaunchScreen.storyboard in Resources */ = {isa = PBXBuildFile; fileRef = 26875C45234E710400B68493 /* LaunchScreen.storyboard */; };
		26875C4A234E710400B68493 /* main.m in Sources */ = {isa = PBXBuildFile; fileRef = 26875C49234E710400B68493 /* main.m */; };
/* End PBXBuildFile section */

/* Begin PBXFileReference section */
		26311C2F234E785800AD46B5 /* MVDBreed.h */ = {isa = PBXFileReference; lastKnownFileType = sourcecode.c.h; path = MVDBreed.h; sourceTree = "<group>"; };
		26311C30234E785800AD46B5 /* MVDBreed.m */ = {isa = PBXFileReference; lastKnownFileType = sourcecode.c.objc; path = MVDBreed.m; sourceTree = "<group>"; };
		26311C32234E786900AD46B5 /* MVDSubBreed.h */ = {isa = PBXFileReference; lastKnownFileType = sourcecode.c.h; path = MVDSubBreed.h; sourceTree = "<group>"; };
		26311C33234E786900AD46B5 /* MVDSubBreed.m */ = {isa = PBXFileReference; lastKnownFileType = sourcecode.c.objc; path = MVDSubBreed.m; sourceTree = "<group>"; };
		26311C35234E820400AD46B5 /* MVDNetworkController.h */ = {isa = PBXFileReference; lastKnownFileType = sourcecode.c.h; path = MVDNetworkController.h; sourceTree = "<group>"; };
		26311C36234E820400AD46B5 /* MVDNetworkController.m */ = {isa = PBXFileReference; lastKnownFileType = sourcecode.c.objc; path = MVDNetworkController.m; sourceTree = "<group>"; };
		26311C3B234ECB8A00AD46B5 /* MVDImageCollectionViewCell.h */ = {isa = PBXFileReference; lastKnownFileType = sourcecode.c.h; path = MVDImageCollectionViewCell.h; sourceTree = "<group>"; };
		26311C3C234ECB8A00AD46B5 /* MVDImageCollectionViewCell.m */ = {isa = PBXFileReference; lastKnownFileType = sourcecode.c.objc; path = MVDImageCollectionViewCell.m; sourceTree = "<group>"; };
		26311C3E234ECBD800AD46B5 /* MVDBreedTableViewController.h */ = {isa = PBXFileReference; lastKnownFileType = sourcecode.c.h; path = MVDBreedTableViewController.h; sourceTree = "<group>"; };
		26311C3F234ECBD800AD46B5 /* MVDBreedTableViewController.m */ = {isa = PBXFileReference; lastKnownFileType = sourcecode.c.objc; path = MVDBreedTableViewController.m; sourceTree = "<group>"; };
		26311C41234ECBF800AD46B5 /* MVDSubBreedTableViewController.h */ = {isa = PBXFileReference; lastKnownFileType = sourcecode.c.h; path = MVDSubBreedTableViewController.h; sourceTree = "<group>"; };
		26311C42234ECBF800AD46B5 /* MVDSubBreedTableViewController.m */ = {isa = PBXFileReference; lastKnownFileType = sourcecode.c.objc; path = MVDSubBreedTableViewController.m; sourceTree = "<group>"; };
		26311C44234ECC2000AD46B5 /* MVDImagesCollectionViewController.h */ = {isa = PBXFileReference; lastKnownFileType = sourcecode.c.h; path = MVDImagesCollectionViewController.h; sourceTree = "<group>"; };
		26311C45234ECC2000AD46B5 /* MVDImagesCollectionViewController.m */ = {isa = PBXFileReference; lastKnownFileType = sourcecode.c.objc; path = MVDImagesCollectionViewController.m; sourceTree = "<group>"; };
		26311C47234ECCD800AD46B5 /* Dogs-CwSwift-Bridging-Header.h */ = {isa = PBXFileReference; lastKnownFileType = sourcecode.c.h; path = "Dogs-CwSwift-Bridging-Header.h"; sourceTree = "<group>"; };
		26311C48234ECCD900AD46B5 /* MVDDetailViewController.swift */ = {isa = PBXFileReference; lastKnownFileType = sourcecode.swift; path = MVDDetailViewController.swift; sourceTree = "<group>"; };
		26875C34234E710100B68493 /* Dogs-CwSwift.app */ = {isa = PBXFileReference; explicitFileType = wrapper.application; includeInIndex = 0; path = "Dogs-CwSwift.app"; sourceTree = BUILT_PRODUCTS_DIR; };
		26875C37234E710100B68493 /* AppDelegate.h */ = {isa = PBXFileReference; lastKnownFileType = sourcecode.c.h; path = AppDelegate.h; sourceTree = "<group>"; };
		26875C38234E710100B68493 /* AppDelegate.m */ = {isa = PBXFileReference; lastKnownFileType = sourcecode.c.objc; path = AppDelegate.m; sourceTree = "<group>"; };
		26875C3A234E710100B68493 /* SceneDelegate.h */ = {isa = PBXFileReference; lastKnownFileType = sourcecode.c.h; path = SceneDelegate.h; sourceTree = "<group>"; };
		26875C3B234E710100B68493 /* SceneDelegate.m */ = {isa = PBXFileReference; lastKnownFileType = sourcecode.c.objc; path = SceneDelegate.m; sourceTree = "<group>"; };
		26875C41234E710100B68493 /* Base */ = {isa = PBXFileReference; lastKnownFileType = file.storyboard; name = Base; path = Base.lproj/Main.storyboard; sourceTree = "<group>"; };
		26875C43234E710400B68493 /* Assets.xcassets */ = {isa = PBXFileReference; lastKnownFileType = folder.assetcatalog; path = Assets.xcassets; sourceTree = "<group>"; };
		26875C46234E710400B68493 /* Base */ = {isa = PBXFileReference; lastKnownFileType = file.storyboard; name = Base; path = Base.lproj/LaunchScreen.storyboard; sourceTree = "<group>"; };
		26875C48234E710400B68493 /* Info.plist */ = {isa = PBXFileReference; lastKnownFileType = text.plist.xml; path = Info.plist; sourceTree = "<group>"; };
		26875C49234E710400B68493 /* main.m */ = {isa = PBXFileReference; lastKnownFileType = sourcecode.c.objc; path = main.m; sourceTree = "<group>"; };
/* End PBXFileReference section */

/* Begin PBXFrameworksBuildPhase section */
		26875C31234E710100B68493 /* Frameworks */ = {
			isa = PBXFrameworksBuildPhase;
			buildActionMask = 2147483647;
			files = (
			);
			runOnlyForDeploymentPostprocessing = 0;
		};
/* End PBXFrameworksBuildPhase section */

/* Begin PBXGroup section */
		26311C38234EC7C200AD46B5 /* ViewController */ = {
			isa = PBXGroup;
			children = (
				26311C3E234ECBD800AD46B5 /* MVDBreedTableViewController.h */,
				26311C3F234ECBD800AD46B5 /* MVDBreedTableViewController.m */,
				26311C41234ECBF800AD46B5 /* MVDSubBreedTableViewController.h */,
				26311C42234ECBF800AD46B5 /* MVDSubBreedTableViewController.m */,
				26311C44234ECC2000AD46B5 /* MVDImagesCollectionViewController.h */,
				26311C45234ECC2000AD46B5 /* MVDImagesCollectionViewController.m */,
				26311C48234ECCD900AD46B5 /* MVDDetailViewController.swift */,
				26311C47234ECCD800AD46B5 /* Dogs-CwSwift-Bridging-Header.h */,
			);
			path = ViewController;
			sourceTree = "<group>";
		};
		26311C39234EC7D700AD46B5 /* View */ = {
			isa = PBXGroup;
			children = (
				26311C3B234ECB8A00AD46B5 /* MVDImageCollectionViewCell.h */,
				26311C3C234ECB8A00AD46B5 /* MVDImageCollectionViewCell.m */,
			);
			path = View;
			sourceTree = "<group>";
		};
		26311C3A234EC80200AD46B5 /* Storyboards */ = {
			isa = PBXGroup;
			children = (
				26875C40234E710100B68493 /* Main.storyboard */,
				26875C45234E710400B68493 /* LaunchScreen.storyboard */,
			);
			path = Storyboards;
			sourceTree = "<group>";
		};
		26875C2B234E710100B68493 = {
			isa = PBXGroup;
			children = (
				26875C36234E710100B68493 /* Dogs-CwSwift */,
				26875C35234E710100B68493 /* Products */,
			);
			sourceTree = "<group>";
		};
		26875C35234E710100B68493 /* Products */ = {
			isa = PBXGroup;
			children = (
				26875C34234E710100B68493 /* Dogs-CwSwift.app */,
			);
			name = Products;
			sourceTree = "<group>";
		};
		26875C36234E710100B68493 /* Dogs-CwSwift */ = {
			isa = PBXGroup;
			children = (
				26311C3A234EC80200AD46B5 /* Storyboards */,
				26875C53234E712D00B68493 /* Supporting Docs */,
				26875C52234E712700B68493 /* Controllers */,
				26875C51234E712000B68493 /* Model */,
				26875C50234E711200B68493 /* NetworkController */,
			);
			path = "Dogs-CwSwift";
			sourceTree = "<group>";
		};
		26875C50234E711200B68493 /* NetworkController */ = {
			isa = PBXGroup;
			children = (
				26311C35234E820400AD46B5 /* MVDNetworkController.h */,
				26311C36234E820400AD46B5 /* MVDNetworkController.m */,
			);
			path = NetworkController;
			sourceTree = "<group>";
		};
		26875C51234E712000B68493 /* Model */ = {
			isa = PBXGroup;
			children = (
				26311C2F234E785800AD46B5 /* MVDBreed.h */,
				26311C30234E785800AD46B5 /* MVDBreed.m */,
				26311C32234E786900AD46B5 /* MVDSubBreed.h */,
				26311C33234E786900AD46B5 /* MVDSubBreed.m */,
			);
			path = Model;
			sourceTree = "<group>";
		};
		26875C52234E712700B68493 /* Controllers */ = {
			isa = PBXGroup;
			children = (
				26311C39234EC7D700AD46B5 /* View */,
				26311C38234EC7C200AD46B5 /* ViewController */,
			);
			path = Controllers;
			sourceTree = "<group>";
		};
		26875C53234E712D00B68493 /* Supporting Docs */ = {
			isa = PBXGroup;
			children = (
				26875C43234E710400B68493 /* Assets.xcassets */,
				26875C48234E710400B68493 /* Info.plist */,
				26875C49234E710400B68493 /* main.m */,
				26875C37234E710100B68493 /* AppDelegate.h */,
				26875C38234E710100B68493 /* AppDelegate.m */,
				26875C3A234E710100B68493 /* SceneDelegate.h */,
				26875C3B234E710100B68493 /* SceneDelegate.m */,
			);
			path = "Supporting Docs";
			sourceTree = "<group>";
		};
/* End PBXGroup section */

/* Begin PBXNativeTarget section */
		26875C33234E710100B68493 /* Dogs-CwSwift */ = {
			isa = PBXNativeTarget;
			buildConfigurationList = 26875C4D234E710400B68493 /* Build configuration list for PBXNativeTarget "Dogs-CwSwift" */;
			buildPhases = (
				26875C30234E710100B68493 /* Sources */,
				26875C31234E710100B68493 /* Frameworks */,
				26875C32234E710100B68493 /* Resources */,
			);
			buildRules = (
			);
			dependencies = (
			);
			name = "Dogs-CwSwift";
			productName = "Dogs-CwSwift";
			productReference = 26875C34234E710100B68493 /* Dogs-CwSwift.app */;
			productType = "com.apple.product-type.application";
		};
/* End PBXNativeTarget section */

/* Begin PBXProject section */
		26875C2C234E710100B68493 /* Project object */ = {
			isa = PBXProject;
			attributes = {
				CLASSPREFIX = MVD;
				LastUpgradeCheck = 1100;
				ORGANIZATIONNAME = "Michael Di Cesare";
				TargetAttributes = {
					26875C33234E710100B68493 = {
						CreatedOnToolsVersion = 11.0;
						LastSwiftMigration = 1100;
					};
				};
			};
			buildConfigurationList = 26875C2F234E710100B68493 /* Build configuration list for PBXProject "Dogs-CwSwift" */;
			compatibilityVersion = "Xcode 9.3";
			developmentRegion = en;
			hasScannedForEncodings = 0;
			knownRegions = (
				en,
				Base,
			);
			mainGroup = 26875C2B234E710100B68493;
			productRefGroup = 26875C35234E710100B68493 /* Products */;
			projectDirPath = "";
			projectRoot = "";
			targets = (
				26875C33234E710100B68493 /* Dogs-CwSwift */,
			);
		};
/* End PBXProject section */

/* Begin PBXResourcesBuildPhase section */
		26875C32234E710100B68493 /* Resources */ = {
			isa = PBXResourcesBuildPhase;
			buildActionMask = 2147483647;
			files = (
				26875C47234E710400B68493 /* LaunchScreen.storyboard in Resources */,
				26875C44234E710400B68493 /* Assets.xcassets in Resources */,
				26875C42234E710100B68493 /* Main.storyboard in Resources */,
			);
			runOnlyForDeploymentPostprocessing = 0;
		};
/* End PBXResourcesBuildPhase section */

/* Begin PBXSourcesBuildPhase section */
		26875C30234E710100B68493 /* Sources */ = {
			isa = PBXSourcesBuildPhase;
			buildActionMask = 2147483647;
			files = (
				26311C40234ECBD800AD46B5 /* MVDBreedTableViewController.m in Sources */,
				26311C49234ECCD900AD46B5 /* MVDDetailViewController.swift in Sources */,
				26875C39234E710100B68493 /* AppDelegate.m in Sources */,
				26311C46234ECC2000AD46B5 /* MVDImagesCollectionViewController.m in Sources */,
				26875C4A234E710400B68493 /* main.m in Sources */,
				26311C34234E786900AD46B5 /* MVDSubBreed.m in Sources */,
				26311C31234E785800AD46B5 /* MVDBreed.m in Sources */,
				26311C3D234ECB8A00AD46B5 /* MVDImageCollectionViewCell.m in Sources */,
				26311C37234E820400AD46B5 /* MVDNetworkController.m in Sources */,
				26311C43234ECBF800AD46B5 /* MVDSubBreedTableViewController.m in Sources */,
				26875C3C234E710100B68493 /* SceneDelegate.m in Sources */,
			);
			runOnlyForDeploymentPostprocessing = 0;
		};
/* End PBXSourcesBuildPhase section */

/* Begin PBXVariantGroup section */
		26875C40234E710100B68493 /* Main.storyboard */ = {
			isa = PBXVariantGroup;
			children = (
				26875C41234E710100B68493 /* Base */,
			);
			name = Main.storyboard;
			sourceTree = "<group>";
		};
		26875C45234E710400B68493 /* LaunchScreen.storyboard */ = {
			isa = PBXVariantGroup;
			children = (
				26875C46234E710400B68493 /* Base */,
			);
			name = LaunchScreen.storyboard;
			sourceTree = "<group>";
		};
/* End PBXVariantGroup section */

/* Begin XCBuildConfiguration section */
		26875C4B234E710400B68493 /* Debug */ = {
			isa = XCBuildConfiguration;
			buildSettings = {
				ALWAYS_SEARCH_USER_PATHS = NO;
				CLANG_ANALYZER_NONNULL = YES;
				CLANG_ANALYZER_NUMBER_OBJECT_CONVERSION = YES_AGGRESSIVE;
				CLANG_CXX_LANGUAGE_STANDARD = "gnu++14";
				CLANG_CXX_LIBRARY = "libc++";
				CLANG_ENABLE_MODULES = YES;
				CLANG_ENABLE_OBJC_ARC = YES;
				CLANG_ENABLE_OBJC_WEAK = YES;
				CLANG_WARN_BLOCK_CAPTURE_AUTORELEASING = YES;
				CLANG_WARN_BOOL_CONVERSION = YES;
				CLANG_WARN_COMMA = YES;
				CLANG_WARN_CONSTANT_CONVERSION = YES;
				CLANG_WARN_DEPRECATED_OBJC_IMPLEMENTATIONS = YES;
				CLANG_WARN_DIRECT_OBJC_ISA_USAGE = YES_ERROR;
				CLANG_WARN_DOCUMENTATION_COMMENTS = YES;
				CLANG_WARN_EMPTY_BODY = YES;
				CLANG_WARN_ENUM_CONVERSION = YES;
				CLANG_WARN_INFINITE_RECURSION = YES;
				CLANG_WARN_INT_CONVERSION = YES;
				CLANG_WARN_NON_LITERAL_NULL_CONVERSION = YES;
				CLANG_WARN_OBJC_IMPLICIT_RETAIN_SELF = YES;
				CLANG_WARN_OBJC_LITERAL_CONVERSION = YES;
				CLANG_WARN_OBJC_ROOT_CLASS = YES_ERROR;
				CLANG_WARN_RANGE_LOOP_ANALYSIS = YES;
				CLANG_WARN_STRICT_PROTOTYPES = YES;
				CLANG_WARN_SUSPICIOUS_MOVE = YES;
				CLANG_WARN_UNGUARDED_AVAILABILITY = YES_AGGRESSIVE;
				CLANG_WARN_UNREACHABLE_CODE = YES;
				CLANG_WARN__DUPLICATE_METHOD_MATCH = YES;
				COPY_PHASE_STRIP = NO;
				DEBUG_INFORMATION_FORMAT = dwarf;
				ENABLE_STRICT_OBJC_MSGSEND = YES;
				ENABLE_TESTABILITY = YES;
				GCC_C_LANGUAGE_STANDARD = gnu11;
				GCC_DYNAMIC_NO_PIC = NO;
				GCC_NO_COMMON_BLOCKS = YES;
				GCC_OPTIMIZATION_LEVEL = 0;
				GCC_PREPROCESSOR_DEFINITIONS = (
					"DEBUG=1",
					"$(inherited)",
				);
				GCC_WARN_64_TO_32_BIT_CONVERSION = YES;
				GCC_WARN_ABOUT_RETURN_TYPE = YES_ERROR;
				GCC_WARN_UNDECLARED_SELECTOR = YES;
				GCC_WARN_UNINITIALIZED_AUTOS = YES_AGGRESSIVE;
				GCC_WARN_UNUSED_FUNCTION = YES;
				GCC_WARN_UNUSED_VARIABLE = YES;
				IPHONEOS_DEPLOYMENT_TARGET = 13.0;
				MTL_ENABLE_DEBUG_INFO = INCLUDE_SOURCE;
				MTL_FAST_MATH = YES;
				ONLY_ACTIVE_ARCH = YES;
				SDKROOT = iphoneos;
			};
			name = Debug;
		};
		26875C4C234E710400B68493 /* Release */ = {
			isa = XCBuildConfiguration;
			buildSettings = {
				ALWAYS_SEARCH_USER_PATHS = NO;
				CLANG_ANALYZER_NONNULL = YES;
				CLANG_ANALYZER_NUMBER_OBJECT_CONVERSION = YES_AGGRESSIVE;
				CLANG_CXX_LANGUAGE_STANDARD = "gnu++14";
				CLANG_CXX_LIBRARY = "libc++";
				CLANG_ENABLE_MODULES = YES;
				CLANG_ENABLE_OBJC_ARC = YES;
				CLANG_ENABLE_OBJC_WEAK = YES;
				CLANG_WARN_BLOCK_CAPTURE_AUTORELEASING = YES;
				CLANG_WARN_BOOL_CONVERSION = YES;
				CLANG_WARN_COMMA = YES;
				CLANG_WARN_CONSTANT_CONVERSION = YES;
				CLANG_WARN_DEPRECATED_OBJC_IMPLEMENTATIONS = YES;
				CLANG_WARN_DIRECT_OBJC_ISA_USAGE = YES_ERROR;
				CLANG_WARN_DOCUMENTATION_COMMENTS = YES;
				CLANG_WARN_EMPTY_BODY = YES;
				CLANG_WARN_ENUM_CONVERSION = YES;
				CLANG_WARN_INFINITE_RECURSION = YES;
				CLANG_WARN_INT_CONVERSION = YES;
				CLANG_WARN_NON_LITERAL_NULL_CONVERSION = YES;
				CLANG_WARN_OBJC_IMPLICIT_RETAIN_SELF = YES;
				CLANG_WARN_OBJC_LITERAL_CONVERSION = YES;
				CLANG_WARN_OBJC_ROOT_CLASS = YES_ERROR;
				CLANG_WARN_RANGE_LOOP_ANALYSIS = YES;
				CLANG_WARN_STRICT_PROTOTYPES = YES;
				CLANG_WARN_SUSPICIOUS_MOVE = YES;
				CLANG_WARN_UNGUARDED_AVAILABILITY = YES_AGGRESSIVE;
				CLANG_WARN_UNREACHABLE_CODE = YES;
				CLANG_WARN__DUPLICATE_METHOD_MATCH = YES;
				COPY_PHASE_STRIP = NO;
				DEBUG_INFORMATION_FORMAT = "dwarf-with-dsym";
				ENABLE_NS_ASSERTIONS = NO;
				ENABLE_STRICT_OBJC_MSGSEND = YES;
				GCC_C_LANGUAGE_STANDARD = gnu11;
				GCC_NO_COMMON_BLOCKS = YES;
				GCC_WARN_64_TO_32_BIT_CONVERSION = YES;
				GCC_WARN_ABOUT_RETURN_TYPE = YES_ERROR;
				GCC_WARN_UNDECLARED_SELECTOR = YES;
				GCC_WARN_UNINITIALIZED_AUTOS = YES_AGGRESSIVE;
				GCC_WARN_UNUSED_FUNCTION = YES;
				GCC_WARN_UNUSED_VARIABLE = YES;
				IPHONEOS_DEPLOYMENT_TARGET = 13.0;
				MTL_ENABLE_DEBUG_INFO = NO;
				MTL_FAST_MATH = YES;
				SDKROOT = iphoneos;
				VALIDATE_PRODUCT = YES;
			};
			name = Release;
		};
		26875C4E234E710400B68493 /* Debug */ = {
			isa = XCBuildConfiguration;
			buildSettings = {
				ASSETCATALOG_COMPILER_APPICON_NAME = AppIcon;
				CLANG_ENABLE_MODULES = YES;
				CODE_SIGN_STYLE = Automatic;
				DEVELOPMENT_TEAM = B35K2XL3AM;
				INFOPLIST_FILE = "$(SRCROOT)/Dogs-CwSwift/Supporting Docs/Info.plist";
				LD_RUNPATH_SEARCH_PATHS = (
					"$(inherited)",
					"@executable_path/Frameworks",
				);
				PRODUCT_BUNDLE_IDENTIFIER = "com.MichaelDicesare.Dogs-CwSwift";
				PRODUCT_NAME = "$(TARGET_NAME)";
				SWIFT_OBJC_BRIDGING_HEADER = "Dogs-CwSwift/Controllers/ViewController/Dogs-CwSwift-Bridging-Header.h";
				SWIFT_OPTIMIZATION_LEVEL = "-Onone";
				SWIFT_VERSION = 5.0;
				TARGETED_DEVICE_FAMILY = "1,2";
			};
			name = Debug;
		};
		26875C4F234E710400B68493 /* Release */ = {
			isa = XCBuildConfiguration;
			buildSettings = {
				ASSETCATALOG_COMPILER_APPICON_NAME = AppIcon;
				CLANG_ENABLE_MODULES = YES;
				CODE_SIGN_STYLE = Automatic;
				DEVELOPMENT_TEAM = B35K2XL3AM;
				INFOPLIST_FILE = "$(SRCROOT)/Dogs-CwSwift/Supporting Docs/Info.plist";
				LD_RUNPATH_SEARCH_PATHS = (
					"$(inherited)",
					"@executable_path/Frameworks",
				);
				PRODUCT_BUNDLE_IDENTIFIER = "com.MichaelDicesare.Dogs-CwSwift";
				PRODUCT_NAME = "$(TARGET_NAME)";
				SWIFT_OBJC_BRIDGING_HEADER = "Dogs-CwSwift/Controllers/ViewController/Dogs-CwSwift-Bridging-Header.h";
				SWIFT_VERSION = 5.0;
				TARGETED_DEVICE_FAMILY = "1,2";
			};
			name = Release;
		};
/* End XCBuildConfiguration section */

/* Begin XCConfigurationList section */
		26875C2F234E710100B68493 /* Build configuration list for PBXProject "Dogs-CwSwift" */ = {
			isa = XCConfigurationList;
			buildConfigurations = (
				26875C4B234E710400B68493 /* Debug */,
				26875C4C234E710400B68493 /* Release */,
			);
			defaultConfigurationIsVisible = 0;
			defaultConfigurationName = Release;
		};
		26875C4D234E710400B68493 /* Build configuration list for PBXNativeTarget "Dogs-CwSwift" */ = {
			isa = XCConfigurationList;
			buildConfigurations = (
				26875C4E234E710400B68493 /* Debug */,
				26875C4F234E710400B68493 /* Release */,
			);
			defaultConfigurationIsVisible = 0;
			defaultConfigurationName = Release;
		};
/* End XCConfigurationList section */
	};
	rootObject = 26875C2C234E710100B68493 /* Project object */;
}
